
Microsoft Visual Studio Solution File, Format Version 12.00
# Visual Studio Version 17
VisualStudioVersion = 17.2.32616.157
MinimumVisualStudioVersion = 10.0.40219.1
Project("{9A19103F-16F7-4668-BE54-9A1E7A4F7556}") = "Azure.EventHub.Samples.Subscriber", "Azure.EventHub.Samples.Subscriber\Azure.EventHub.Samples.Subscriber.csproj", "{403FB448-C573-4749-B87C-6D7612E5EBBB}"
EndProject
Project("{9A19103F-16F7-4668-BE54-9A1E7A4F7556}") = "Azure.EventHub.Samples.Publisher", "Azure.EventHub.Samples.Publisher\Azure.EventHub.Samples.Publisher.csproj", "{A810C3EF-5F0C-4EFB-BF06-404FEC0C9454}"
EndProject
Global
	GlobalSection(SolutionConfigurationPlatforms) = preSolution
		Debug|Any CPU = Debug|Any CPU
		Release|Any CPU = Release|Any CPU
	EndGlobalSection
	GlobalSection(ProjectConfigurationPlatforms) = postSolution
		{403FB448-C573-4749-B87C-6D7612E5EBBB}.Debug|Any CPU.ActiveCfg = Debug|Any CPU
		{403FB448-C573-4749-B87C-6D7612E5EBBB}.Debug|Any CPU.Build.0 = Debug|Any CPU
		{403FB448-C573-4749-B87C-6D7612E5EBBB}.Release|Any CPU.ActiveCfg = Release|Any CPU
		{403FB448-C573-4749-B87C-6D7612E5EBBB}.Release|Any CPU.Build.0 = Release|Any CPU
		{A810C3EF-5F0C-4EFB-BF06-404FEC0C9454}.Debug|Any CPU.ActiveCfg = Debug|Any CPU
		{A810C3EF-5F0C-4EFB-BF06-404FEC0C9454}.Debug|Any CPU.Build.0 = Debug|Any CPU
		{A810C3EF-5F0C-4EFB-BF06-404FEC0C9454}.Release|Any CPU.ActiveCfg = Release|Any CPU
		{A810C3EF-5F0C-4EFB-BF06-404FEC0C9454}.Release|Any CPU.Build.0 = Release|Any CPU
	EndGlobalSection
	GlobalSection(SolutionProperties) = preSolution
		HideSolutionNode = FALSE
	EndGlobalSection
	GlobalSection(ExtensibilityGlobals) = postSolution
		SolutionGuid = {6CE6D5D0-602A-4AD1-B5BF-DFE3C2A539E8}
	EndGlobalSection
EndGlobal
